
Microsoft Visual Studio Solution File, Format Version 12.00
# Visual Studio Version 17
VisualStudioVersion = 17.3.32929.385
MinimumVisualStudioVersion = 10.0.40219.1
Project("{FAE04EC0-301F-11D3-BF4B-00C04F79EFBC}") = "MasterMindKiran", "MasterMindKiran\MasterMindKiran.csproj", "{DC442560-E62A-4434-B944-E78CBA584C1E}"
EndProject
Global
	GlobalSection(SolutionConfigurationPlatforms) = preSolution
		Debug|Any CPU = Debug|Any CPU
		Release|Any CPU = Release|Any CPU
	EndGlobalSection
	GlobalSection(ProjectConfigurationPlatforms) = postSolution
		{DC442560-E62A-4434-B944-E78CBA584C1E}.Debug|Any CPU.ActiveCfg = Debug|Any CPU
		{DC442560-E62A-4434-B944-E78CBA584C1E}.Debug|Any CPU.Build.0 = Debug|Any CPU
		{DC442560-E62A-4434-B944-E78CBA584C1E}.Release|Any CPU.ActiveCfg = Release|Any CPU
		{DC442560-E62A-4434-B944-E78CBA584C1E}.Release|Any CPU.Build.0 = Release|Any CPU
	EndGlobalSection
	GlobalSection(SolutionProperties) = preSolution
		HideSolutionNode = FALSE
	EndGlobalSection
	GlobalSection(ExtensibilityGlobals) = postSolution
		SolutionGuid = {8E8237BB-701E-48DA-AE0B-4B84BB8B08EF}
	EndGlobalSection
EndGlobal
